// !$*UTF8*$!
{
	archiveVersion = 1;
	classes = {
	};
	objectVersion = 56;
	objects = {

/* Begin PBXBuildFile section */
		FD7C21862C15851E008D1CE3 /* ios_weather_app_finalApp.swift in Sources */ = {isa = PBXBuildFile; fileRef = FD7C21852C15851E008D1CE3 /* ios_weather_app_finalApp.swift */; };
		FD7C21882C15851E008D1CE3 /* ContentView.swift in Sources */ = {isa = PBXBuildFile; fileRef = FD7C21872C15851E008D1CE3 /* ContentView.swift */; };
		FD7C218A2C158520008D1CE3 /* Assets.xcassets in Resources */ = {isa = PBXBuildFile; fileRef = FD7C21892C158520008D1CE3 /* Assets.xcassets */; };
		FD7C218D2C158520008D1CE3 /* Preview Assets.xcassets in Resources */ = {isa = PBXBuildFile; fileRef = FD7C218C2C158520008D1CE3 /* Preview Assets.xcassets */; };
		FD7C218F2C158520008D1CE3 /* Persistence.swift in Sources */ = {isa = PBXBuildFile; fileRef = FD7C218E2C158520008D1CE3 /* Persistence.swift */; };
		FD7C21922C158520008D1CE3 /* ios_weather_app_final.xcdatamodeld in Sources */ = {isa = PBXBuildFile; fileRef = FD7C21902C158520008D1CE3 /* ios_weather_app_final.xcdatamodeld */; };
		FD7C219C2C158520008D1CE3 /* ios_weather_app_finalTests.swift in Sources */ = {isa = PBXBuildFile; fileRef = FD7C219B2C158520008D1CE3 /* ios_weather_app_finalTests.swift */; };
		FD7C21A62C158520008D1CE3 /* ios_weather_app_finalUITests.swift in Sources */ = {isa = PBXBuildFile; fileRef = FD7C21A52C158520008D1CE3 /* ios_weather_app_finalUITests.swift */; };
		FD7C21A82C158520008D1CE3 /* ios_weather_app_finalUITestsLaunchTests.swift in Sources */ = {isa = PBXBuildFile; fileRef = FD7C21A72C158520008D1CE3 /* ios_weather_app_finalUITestsLaunchTests.swift */; };
		FD7C21B52C158554008D1CE3 /* FullScreenView.swift in Sources */ = {isa = PBXBuildFile; fileRef = FD7C21B42C158554008D1CE3 /* FullScreenView.swift */; };
		FD7C21B72C158579008D1CE3 /* SearchBar.swift in Sources */ = {isa = PBXBuildFile; fileRef = FD7C21B62C158579008D1CE3 /* SearchBar.swift */; };
		FD7C21B92C158587008D1CE3 /* WeatherCard.swift in Sources */ = {isa = PBXBuildFile; fileRef = FD7C21B82C158587008D1CE3 /* WeatherCard.swift */; };
		FD7C21BB2C158591008D1CE3 /* WeatherAPIManager.swift in Sources */ = {isa = PBXBuildFile; fileRef = FD7C21BA2C158591008D1CE3 /* WeatherAPIManager.swift */; };
/* End PBXBuildFile section */

/* Begin PBXContainerItemProxy section */
		FD7C21982C158520008D1CE3 /* PBXContainerItemProxy */ = {
			isa = PBXContainerItemProxy;
			containerPortal = FD7C217A2C15851E008D1CE3 /* Project object */;
			proxyType = 1;
			remoteGlobalIDString = FD7C21812C15851E008D1CE3;
			remoteInfo = "ios-weather-app-final";
		};
		FD7C21A22C158520008D1CE3 /* PBXContainerItemProxy */ = {
			isa = PBXContainerItemProxy;
			containerPortal = FD7C217A2C15851E008D1CE3 /* Project object */;
			proxyType = 1;
			remoteGlobalIDString = FD7C21812C15851E008D1CE3;
			remoteInfo = "ios-weather-app-final";
		};
/* End PBXContainerItemProxy section */

/* Begin PBXFileReference section */
		FD7C21822C15851E008D1CE3 /* ios-weather-app-final.app */ = {isa = PBXFileReference; explicitFileType = wrapper.application; includeInIndex = 0; path = "ios-weather-app-final.app"; sourceTree = BUILT_PRODUCTS_DIR; };
		FD7C21852C15851E008D1CE3 /* ios_weather_app_finalApp.swift */ = {isa = PBXFileReference; lastKnownFileType = sourcecode.swift; path = ios_weather_app_finalApp.swift; sourceTree = "<group>"; };
		FD7C21872C15851E008D1CE3 /* ContentView.swift */ = {isa = PBXFileReference; lastKnownFileType = sourcecode.swift; path = ContentView.swift; sourceTree = "<group>"; };
		FD7C21892C158520008D1CE3 /* Assets.xcassets */ = {isa = PBXFileReference; lastKnownFileType = folder.assetcatalog; path = Assets.xcassets; sourceTree = "<group>"; };
		FD7C218C2C158520008D1CE3 /* Preview Assets.xcassets */ = {isa = PBXFileReference; lastKnownFileType = folder.assetcatalog; path = "Preview Assets.xcassets"; sourceTree = "<group>"; };
		FD7C218E2C158520008D1CE3 /* Persistence.swift */ = {isa = PBXFileReference; lastKnownFileType = sourcecode.swift; path = Persistence.swift; sourceTree = "<group>"; };
		FD7C21912C158520008D1CE3 /* ios_weather_app_final.xcdatamodel */ = {isa = PBXFileReference; lastKnownFileType = wrapper.xcdatamodel; path = ios_weather_app_final.xcdatamodel; sourceTree = "<group>"; };
		FD7C21972C158520008D1CE3 /* ios-weather-app-finalTests.xctest */ = {isa = PBXFileReference; explicitFileType = wrapper.cfbundle; includeInIndex = 0; path = "ios-weather-app-finalTests.xctest"; sourceTree = BUILT_PRODUCTS_DIR; };
		FD7C219B2C158520008D1CE3 /* ios_weather_app_finalTests.swift */ = {isa = PBXFileReference; lastKnownFileType = sourcecode.swift; path = ios_weather_app_finalTests.swift; sourceTree = "<group>"; };
		FD7C21A12C158520008D1CE3 /* ios-weather-app-finalUITests.xctest */ = {isa = PBXFileReference; explicitFileType = wrapper.cfbundle; includeInIndex = 0; path = "ios-weather-app-finalUITests.xctest"; sourceTree = BUILT_PRODUCTS_DIR; };
		FD7C21A52C158520008D1CE3 /* ios_weather_app_finalUITests.swift */ = {isa = PBXFileReference; lastKnownFileType = sourcecode.swift; path = ios_weather_app_finalUITests.swift; sourceTree = "<group>"; };
		FD7C21A72C158520008D1CE3 /* ios_weather_app_finalUITestsLaunchTests.swift */ = {isa = PBXFileReference; lastKnownFileType = sourcecode.swift; path = ios_weather_app_finalUITestsLaunchTests.swift; sourceTree = "<group>"; };
		FD7C21B42C158554008D1CE3 /* FullScreenView.swift */ = {isa = PBXFileReference; lastKnownFileType = sourcecode.swift; path = FullScreenView.swift; sourceTree = "<group>"; };
		FD7C21B62C158579008D1CE3 /* SearchBar.swift */ = {isa = PBXFileReference; lastKnownFileType = sourcecode.swift; path = SearchBar.swift; sourceTree = "<group>"; };
		FD7C21B82C158587008D1CE3 /* WeatherCard.swift */ = {isa = PBXFileReference; lastKnownFileType = sourcecode.swift; path = WeatherCard.swift; sourceTree = "<group>"; };
		FD7C21BA2C158591008D1CE3 /* WeatherAPIManager.swift */ = {isa = PBXFileReference; lastKnownFileType = sourcecode.swift; path = WeatherAPIManager.swift; sourceTree = "<group>"; };
/* End PBXFileReference section */

/* Begin PBXFrameworksBuildPhase section */
		FD7C217F2C15851E008D1CE3 /* Frameworks */ = {
			isa = PBXFrameworksBuildPhase;
			buildActionMask = 2147483647;
			files = (
			);
			runOnlyForDeploymentPostprocessing = 0;
		};
		FD7C21942C158520008D1CE3 /* Frameworks */ = {
			isa = PBXFrameworksBuildPhase;
			buildActionMask = 2147483647;
			files = (
			);
			runOnlyForDeploymentPostprocessing = 0;
		};
		FD7C219E2C158520008D1CE3 /* Frameworks */ = {
			isa = PBXFrameworksBuildPhase;
			buildActionMask = 2147483647;
			files = (
			);
			runOnlyForDeploymentPostprocessing = 0;
		};
/* End PBXFrameworksBuildPhase section */

/* Begin PBXGroup section */
		FD7C21792C15851E008D1CE3 = {
			isa = PBXGroup;
			children = (
				FD7C21842C15851E008D1CE3 /* ios-weather-app-final */,
				FD7C219A2C158520008D1CE3 /* ios-weather-app-finalTests */,
				FD7C21A42C158520008D1CE3 /* ios-weather-app-finalUITests */,
				FD7C21832C15851E008D1CE3 /* Products */,
			);
			sourceTree = "<group>";
		};
		FD7C21832C15851E008D1CE3 /* Products */ = {
			isa = PBXGroup;
			children = (
				FD7C21822C15851E008D1CE3 /* ios-weather-app-final.app */,
				FD7C21972C158520008D1CE3 /* ios-weather-app-finalTests.xctest */,
				FD7C21A12C158520008D1CE3 /* ios-weather-app-finalUITests.xctest */,
			);
			name = Products;
			sourceTree = "<group>";
		};
		FD7C21842C15851E008D1CE3 /* ios-weather-app-final */ = {
			isa = PBXGroup;
			children = (
				FD7C21852C15851E008D1CE3 /* ios_weather_app_finalApp.swift */,
				FD7C21872C15851E008D1CE3 /* ContentView.swift */,
				FD7C21892C158520008D1CE3 /* Assets.xcassets */,
				FD7C218E2C158520008D1CE3 /* Persistence.swift */,
				FD7C21902C158520008D1CE3 /* ios_weather_app_final.xcdatamodeld */,
				FD7C218B2C158520008D1CE3 /* Preview Content */,
				FD7C21B42C158554008D1CE3 /* FullScreenView.swift */,
				FD7C21B62C158579008D1CE3 /* SearchBar.swift */,
				FD7C21B82C158587008D1CE3 /* WeatherCard.swift */,
				FD7C21BA2C158591008D1CE3 /* WeatherAPIManager.swift */,
			);
			path = "ios-weather-app-final";
			sourceTree = "<group>";
		};
		FD7C218B2C158520008D1CE3 /* Preview Content */ = {
			isa = PBXGroup;
			children = (
				FD7C218C2C158520008D1CE3 /* Preview Assets.xcassets */,
			);
			path = "Preview Content";
			sourceTree = "<group>";
		};
		FD7C219A2C158520008D1CE3 /* ios-weather-app-finalTests */ = {
			isa = PBXGroup;
			children = (
				FD7C219B2C158520008D1CE3 /* ios_weather_app_finalTests.swift */,
			);
			path = "ios-weather-app-finalTests";
			sourceTree = "<group>";
		};
		FD7C21A42C158520008D1CE3 /* ios-weather-app-finalUITests */ = {
			isa = PBXGroup;
			children = (
				FD7C21A52C158520008D1CE3 /* ios_weather_app_finalUITests.swift */,
				FD7C21A72C158520008D1CE3 /* ios_weather_app_finalUITestsLaunchTests.swift */,
			);
			path = "ios-weather-app-finalUITests";
			sourceTree = "<group>";
		};
/* End PBXGroup section */

/* Begin PBXNativeTarget section */
		FD7C21812C15851E008D1CE3 /* ios-weather-app-final */ = {
			isa = PBXNativeTarget;
			buildConfigurationList = FD7C21AB2C158520008D1CE3 /* Build configuration list for PBXNativeTarget "ios-weather-app-final" */;
			buildPhases = (
				FD7C217E2C15851E008D1CE3 /* Sources */,
				FD7C217F2C15851E008D1CE3 /* Frameworks */,
				FD7C21802C15851E008D1CE3 /* Resources */,
			);
			buildRules = (
			);
			dependencies = (
			);
			name = "ios-weather-app-final";
			productName = "ios-weather-app-final";
			productReference = FD7C21822C15851E008D1CE3 /* ios-weather-app-final.app */;
			productType = "com.apple.product-type.application";
		};
		FD7C21962C158520008D1CE3 /* ios-weather-app-finalTests */ = {
			isa = PBXNativeTarget;
			buildConfigurationList = FD7C21AE2C158520008D1CE3 /* Build configuration list for PBXNativeTarget "ios-weather-app-finalTests" */;
			buildPhases = (
				FD7C21932C158520008D1CE3 /* Sources */,
				FD7C21942C158520008D1CE3 /* Frameworks */,
				FD7C21952C158520008D1CE3 /* Resources */,
			);
			buildRules = (
			);
			dependencies = (
				FD7C21992C158520008D1CE3 /* PBXTargetDependency */,
			);
			name = "ios-weather-app-finalTests";
			productName = "ios-weather-app-finalTests";
			productReference = FD7C21972C158520008D1CE3 /* ios-weather-app-finalTests.xctest */;
			productType = "com.apple.product-type.bundle.unit-test";
		};
		FD7C21A02C158520008D1CE3 /* ios-weather-app-finalUITests */ = {
			isa = PBXNativeTarget;
			buildConfigurationList = FD7C21B12C158520008D1CE3 /* Build configuration list for PBXNativeTarget "ios-weather-app-finalUITests" */;
			buildPhases = (
				FD7C219D2C158520008D1CE3 /* Sources */,
				FD7C219E2C158520008D1CE3 /* Frameworks */,
				FD7C219F2C158520008D1CE3 /* Resources */,
			);
			buildRules = (
			);
			dependencies = (
				FD7C21A32C158520008D1CE3 /* PBXTargetDependency */,
			);
			name = "ios-weather-app-finalUITests";
			productName = "ios-weather-app-finalUITests";
			productReference = FD7C21A12C158520008D1CE3 /* ios-weather-app-finalUITests.xctest */;
			productType = "com.apple.product-type.bundle.ui-testing";
		};
/* End PBXNativeTarget section */

/* Begin PBXProject section */
		FD7C217A2C15851E008D1CE3 /* Project object */ = {
			isa = PBXProject;
			attributes = {
				BuildIndependentTargetsInParallel = 1;
				LastSwiftUpdateCheck = 1540;
				LastUpgradeCheck = 1540;
				TargetAttributes = {
					FD7C21812C15851E008D1CE3 = {
						CreatedOnToolsVersion = 15.4;
					};
					FD7C21962C158520008D1CE3 = {
						CreatedOnToolsVersion = 15.4;
						TestTargetID = FD7C21812C15851E008D1CE3;
					};
					FD7C21A02C158520008D1CE3 = {
						CreatedOnToolsVersion = 15.4;
						TestTargetID = FD7C21812C15851E008D1CE3;
					};
				};
			};
			buildConfigurationList = FD7C217D2C15851E008D1CE3 /* Build configuration list for PBXProject "ios-weather-app-final" */;
			compatibilityVersion = "Xcode 14.0";
			developmentRegion = en;
			hasScannedForEncodings = 0;
			knownRegions = (
				en,
				Base,
			);
			mainGroup = FD7C21792C15851E008D1CE3;
			productRefGroup = FD7C21832C15851E008D1CE3 /* Products */;
			projectDirPath = "";
			projectRoot = "";
			targets = (
				FD7C21812C15851E008D1CE3 /* ios-weather-app-final */,
				FD7C21962C158520008D1CE3 /* ios-weather-app-finalTests */,
				FD7C21A02C158520008D1CE3 /* ios-weather-app-finalUITests */,
			);
		};
/* End PBXProject section */

/* Begin PBXResourcesBuildPhase section */
		FD7C21802C15851E008D1CE3 /* Resources */ = {
			isa = PBXResourcesBuildPhase;
			buildActionMask = 2147483647;
			files = (
				FD7C218D2C158520008D1CE3 /* Preview Assets.xcassets in Resources */,
				FD7C218A2C158520008D1CE3 /* Assets.xcassets in Resources */,
			);
			runOnlyForDeploymentPostprocessing = 0;
		};
		FD7C21952C158520008D1CE3 /* Resources */ = {
			isa = PBXResourcesBuildPhase;
			buildActionMask = 2147483647;
			files = (
			);
			runOnlyForDeploymentPostprocessing = 0;
		};
		FD7C219F2C158520008D1CE3 /* Resources */ = {
			isa = PBXResourcesBuildPhase;
			buildActionMask = 2147483647;
			files = (
			);
			runOnlyForDeploymentPostprocessing = 0;
		};
/* End PBXResourcesBuildPhase section */

/* Begin PBXSourcesBuildPhase section */
		FD7C217E2C15851E008D1CE3 /* Sources */ = {
			isa = PBXSourcesBuildPhase;
			buildActionMask = 2147483647;
			files = (
				FD7C21B92C158587008D1CE3 /* WeatherCard.swift in Sources */,
				FD7C218F2C158520008D1CE3 /* Persistence.swift in Sources */,
				FD7C21922C158520008D1CE3 /* ios_weather_app_final.xcdatamodeld in Sources */,
				FD7C21882C15851E008D1CE3 /* ContentView.swift in Sources */,
				FD7C21B52C158554008D1CE3 /* FullScreenView.swift in Sources */,
				FD7C21862C15851E008D1CE3 /* ios_weather_app_finalApp.swift in Sources */,
				FD7C21B72C158579008D1CE3 /* SearchBar.swift in Sources */,
				FD7C21BB2C158591008D1CE3 /* WeatherAPIManager.swift in Sources */,
			);
			runOnlyForDeploymentPostprocessing = 0;
		};
		FD7C21932C158520008D1CE3 /* Sources */ = {
			isa = PBXSourcesBuildPhase;
			buildActionMask = 2147483647;
			files = (
				FD7C219C2C158520008D1CE3 /* ios_weather_app_finalTests.swift in Sources */,
			);
			runOnlyForDeploymentPostprocessing = 0;
		};
		FD7C219D2C158520008D1CE3 /* Sources */ = {
			isa = PBXSourcesBuildPhase;
			buildActionMask = 2147483647;
			files = (
				FD7C21A82C158520008D1CE3 /* ios_weather_app_finalUITestsLaunchTests.swift in Sources */,
				FD7C21A62C158520008D1CE3 /* ios_weather_app_finalUITests.swift in Sources */,
			);
			runOnlyForDeploymentPostprocessing = 0;
		};
/* End PBXSourcesBuildPhase section */

/* Begin PBXTargetDependency section */
		FD7C21992C158520008D1CE3 /* PBXTargetDependency */ = {
			isa = PBXTargetDependency;
			target = FD7C21812C15851E008D1CE3 /* ios-weather-app-final */;
			targetProxy = FD7C21982C158520008D1CE3 /* PBXContainerItemProxy */;
		};
		FD7C21A32C158520008D1CE3 /* PBXTargetDependency */ = {
			isa = PBXTargetDependency;
			target = FD7C21812C15851E008D1CE3 /* ios-weather-app-final */;
			targetProxy = FD7C21A22C158520008D1CE3 /* PBXContainerItemProxy */;
		};
/* End PBXTargetDependency section */

/* Begin XCBuildConfiguration section */
		FD7C21A92C158520008D1CE3 /* Debug */ = {
			isa = XCBuildConfiguration;
			buildSettings = {
				ALWAYS_SEARCH_USER_PATHS = NO;
				ASSETCATALOG_COMPILER_GENERATE_SWIFT_ASSET_SYMBOL_EXTENSIONS = YES;
				CLANG_ANALYZER_NONNULL = YES;
				CLANG_ANALYZER_NUMBER_OBJECT_CONVERSION = YES_AGGRESSIVE;
				CLANG_CXX_LANGUAGE_STANDARD = "gnu++20";
				CLANG_ENABLE_MODULES = YES;
				CLANG_ENABLE_OBJC_ARC = YES;
				CLANG_ENABLE_OBJC_WEAK = YES;
				CLANG_WARN_BLOCK_CAPTURE_AUTORELEASING = YES;
				CLANG_WARN_BOOL_CONVERSION = YES;
				CLANG_WARN_COMMA = YES;
				CLANG_WARN_CONSTANT_CONVERSION = YES;
				CLANG_WARN_DEPRECATED_OBJC_IMPLEMENTATIONS = YES;
				CLANG_WARN_DIRECT_OBJC_ISA_USAGE = YES_ERROR;
				CLANG_WARN_DOCUMENTATION_COMMENTS = YES;
				CLANG_WARN_EMPTY_BODY = YES;
				CLANG_WARN_ENUM_CONVERSION = YES;
				CLANG_WARN_INFINITE_RECURSION = YES;
				CLANG_WARN_INT_CONVERSION = YES;
				CLANG_WARN_NON_LITERAL_NULL_CONVERSION = YES;
				CLANG_WARN_OBJC_IMPLICIT_RETAIN_SELF = YES;
				CLANG_WARN_OBJC_LITERAL_CONVERSION = YES;
				CLANG_WARN_OBJC_ROOT_CLASS = YES_ERROR;
				CLANG_WARN_QUOTED_INCLUDE_IN_FRAMEWORK_HEADER = YES;
				CLANG_WARN_RANGE_LOOP_ANALYSIS = YES;
				CLANG_WARN_STRICT_PROTOTYPES = YES;
				CLANG_WARN_SUSPICIOUS_MOVE = YES;
				CLANG_WARN_UNGUARDED_AVAILABILITY = YES_AGGRESSIVE;
				CLANG_WARN_UNREACHABLE_CODE = YES;
				CLANG_WARN__DUPLICATE_METHOD_MATCH = YES;
				COPY_PHASE_STRIP = NO;
				DEBUG_INFORMATION_FORMAT = dwarf;
				ENABLE_STRICT_OBJC_MSGSEND = YES;
				ENABLE_TESTABILITY = YES;
				ENABLE_USER_SCRIPT_SANDBOXING = YES;
				GCC_C_LANGUAGE_STANDARD = gnu17;
				GCC_DYNAMIC_NO_PIC = NO;
				GCC_NO_COMMON_BLOCKS = YES;
				GCC_OPTIMIZATION_LEVEL = 0;
				GCC_PREPROCESSOR_DEFINITIONS = (
					"DEBUG=1",
					"$(inherited)",
				);
				GCC_WARN_64_TO_32_BIT_CONVERSION = YES;
				GCC_WARN_ABOUT_RETURN_TYPE = YES_ERROR;
				GCC_WARN_UNDECLARED_SELECTOR = YES;
				GCC_WARN_UNINITIALIZED_AUTOS = YES_AGGRESSIVE;
				GCC_WARN_UNUSED_FUNCTION = YES;
				GCC_WARN_UNUSED_VARIABLE = YES;
				IPHONEOS_DEPLOYMENT_TARGET = 17.5;
				LOCALIZATION_PREFERS_STRING_CATALOGS = YES;
				MTL_ENABLE_DEBUG_INFO = INCLUDE_SOURCE;
				MTL_FAST_MATH = YES;
				ONLY_ACTIVE_ARCH = YES;
				SDKROOT = iphoneos;
				SWIFT_ACTIVE_COMPILATION_CONDITIONS = "DEBUG $(inherited)";
				SWIFT_OPTIMIZATION_LEVEL = "-Onone";
			};
			name = Debug;
		};
		FD7C21AA2C158520008D1CE3 /* Release */ = {
			isa = XCBuildConfiguration;
			buildSettings = {
				ALWAYS_SEARCH_USER_PATHS = NO;
				ASSETCATALOG_COMPILER_GENERATE_SWIFT_ASSET_SYMBOL_EXTENSIONS = YES;
				CLANG_ANALYZER_NONNULL = YES;
				CLANG_ANALYZER_NUMBER_OBJECT_CONVERSION = YES_AGGRESSIVE;
				CLANG_CXX_LANGUAGE_STANDARD = "gnu++20";
				CLANG_ENABLE_MODULES = YES;
				CLANG_ENABLE_OBJC_ARC = YES;
				CLANG_ENABLE_OBJC_WEAK = YES;
				CLANG_WARN_BLOCK_CAPTURE_AUTORELEASING = YES;
				CLANG_WARN_BOOL_CONVERSION = YES;
				CLANG_WARN_COMMA = YES;
				CLANG_WARN_CONSTANT_CONVERSION = YES;
				CLANG_WARN_DEPRECATED_OBJC_IMPLEMENTATIONS = YES;
				CLANG_WARN_DIRECT_OBJC_ISA_USAGE = YES_ERROR;
				CLANG_WARN_DOCUMENTATION_COMMENTS = YES;
				CLANG_WARN_EMPTY_BODY = YES;
				CLANG_WARN_ENUM_CONVERSION = YES;
				CLANG_WARN_INFINITE_RECURSION = YES;
				CLANG_WARN_INT_CONVERSION = YES;
				CLANG_WARN_NON_LITERAL_NULL_CONVERSION = YES;
				CLANG_WARN_OBJC_IMPLICIT_RETAIN_SELF = YES;
				CLANG_WARN_OBJC_LITERAL_CONVERSION = YES;
				CLANG_WARN_OBJC_ROOT_CLASS = YES_ERROR;
				CLANG_WARN_QUOTED_INCLUDE_IN_FRAMEWORK_HEADER = YES;
				CLANG_WARN_RANGE_LOOP_ANALYSIS = YES;
				CLANG_WARN_STRICT_PROTOTYPES = YES;
				CLANG_WARN_SUSPICIOUS_MOVE = YES;
				CLANG_WARN_UNGUARDED_AVAILABILITY = YES_AGGRESSIVE;
				CLANG_WARN_UNREACHABLE_CODE = YES;
				CLANG_WARN__DUPLICATE_METHOD_MATCH = YES;
				COPY_PHASE_STRIP = NO;
				DEBUG_INFORMATION_FORMAT = "dwarf-with-dsym";
				ENABLE_NS_ASSERTIONS = NO;
				ENABLE_STRICT_OBJC_MSGSEND = YES;
				ENABLE_USER_SCRIPT_SANDBOXING = YES;
				GCC_C_LANGUAGE_STANDARD = gnu17;
				GCC_NO_COMMON_BLOCKS = YES;
				GCC_WARN_64_TO_32_BIT_CONVERSION = YES;
				GCC_WARN_ABOUT_RETURN_TYPE = YES_ERROR;
				GCC_WARN_UNDECLARED_SELECTOR = YES;
				GCC_WARN_UNINITIALIZED_AUTOS = YES_AGGRESSIVE;
				GCC_WARN_UNUSED_FUNCTION = YES;
				GCC_WARN_UNUSED_VARIABLE = YES;
				IPHONEOS_DEPLOYMENT_TARGET = 17.5;
				LOCALIZATION_PREFERS_STRING_CATALOGS = YES;
				MTL_ENABLE_DEBUG_INFO = NO;
				MTL_FAST_MATH = YES;
				SDKROOT = iphoneos;
				SWIFT_COMPILATION_MODE = wholemodule;
				VALIDATE_PRODUCT = YES;
			};
			name = Release;
		};
		FD7C21AC2C158520008D1CE3 /* Debug */ = {
			isa = XCBuildConfiguration;
			buildSettings = {
				ASSETCATALOG_COMPILER_APPICON_NAME = AppIcon;
				ASSETCATALOG_COMPILER_GLOBAL_ACCENT_COLOR_NAME = AccentColor;
				CODE_SIGN_STYLE = Automatic;
				CURRENT_PROJECT_VERSION = 1;
				DEVELOPMENT_ASSET_PATHS = "\"ios-weather-app-final/Preview Content\"";
				DEVELOPMENT_TEAM = XZ38BAT8FV;
				ENABLE_PREVIEWS = YES;
				GENERATE_INFOPLIST_FILE = YES;
				INFOPLIST_KEY_UIApplicationSceneManifest_Generation = YES;
				INFOPLIST_KEY_UIApplicationSupportsIndirectInputEvents = YES;
				INFOPLIST_KEY_UILaunchScreen_Generation = YES;
				INFOPLIST_KEY_UISupportedInterfaceOrientations_iPad = "UIInterfaceOrientationPortrait UIInterfaceOrientationPortraitUpsideDown UIInterfaceOrientationLandscapeLeft UIInterfaceOrientationLandscapeRight";
				INFOPLIST_KEY_UISupportedInterfaceOrientations_iPhone = "UIInterfaceOrientationPortrait UIInterfaceOrientationLandscapeLeft UIInterfaceOrientationLandscapeRight";
				LD_RUNPATH_SEARCH_PATHS = (
					"$(inherited)",
					"@executable_path/Frameworks",
				);
				MARKETING_VERSION = 1.0;
				PRODUCT_BUNDLE_IDENTIFIER = "study.ios-weather-app-final";
				PRODUCT_NAME = "$(TARGET_NAME)";
				SWIFT_EMIT_LOC_STRINGS = YES;
				SWIFT_VERSION = 5.0;
				TARGETED_DEVICE_FAMILY = "1,2";
			};
			name = Debug;
		};
		FD7C21AD2C158520008D1CE3 /* Release */ = {
			isa = XCBuildConfiguration;
			buildSettings = {
				ASSETCATALOG_COMPILER_APPICON_NAME = AppIcon;
				ASSETCATALOG_COMPILER_GLOBAL_ACCENT_COLOR_NAME = AccentColor;
				CODE_SIGN_STYLE = Automatic;
				CURRENT_PROJECT_VERSION = 1;
				DEVELOPMENT_ASSET_PATHS = "\"ios-weather-app-final/Preview Content\"";
				DEVELOPMENT_TEAM = XZ38BAT8FV;
				ENABLE_PREVIEWS = YES;
				GENERATE_INFOPLIST_FILE = YES;
				INFOPLIST_KEY_UIApplicationSceneManifest_Generation = YES;
				INFOPLIST_KEY_UIApplicationSupportsIndirectInputEvents = YES;
				INFOPLIST_KEY_UILaunchScreen_Generation = YES;
				INFOPLIST_KEY_UISupportedInterfaceOrientations_iPad = "UIInterfaceOrientationPortrait UIInterfaceOrientationPortraitUpsideDown UIInterfaceOrientationLandscapeLeft UIInterfaceOrientationLandscapeRight";
				INFOPLIST_KEY_UISupportedInterfaceOrientations_iPhone = "UIInterfaceOrientationPortrait UIInterfaceOrientationLandscapeLeft UIInterfaceOrientationLandscapeRight";
				LD_RUNPATH_SEARCH_PATHS = (
					"$(inherited)",
					"@executable_path/Frameworks",
				);
				MARKETING_VERSION = 1.0;
				PRODUCT_BUNDLE_IDENTIFIER = "study.ios-weather-app-final";
				PRODUCT_NAME = "$(TARGET_NAME)";
				SWIFT_EMIT_LOC_STRINGS = YES;
				SWIFT_VERSION = 5.0;
				TARGETED_DEVICE_FAMILY = "1,2";
			};
			name = Release;
		};
		FD7C21AF2C158520008D1CE3 /* Debug */ = {
			isa = XCBuildConfiguration;
			buildSettings = {
				ALWAYS_EMBED_SWIFT_STANDARD_LIBRARIES = YES;
				BUNDLE_LOADER = "$(TEST_HOST)";
				CODE_SIGN_STYLE = Automatic;
				CURRENT_PROJECT_VERSION = 1;
				DEVELOPMENT_TEAM = XZ38BAT8FV;
				GENERATE_INFOPLIST_FILE = YES;
				IPHONEOS_DEPLOYMENT_TARGET = 17.5;
				MARKETING_VERSION = 1.0;
				PRODUCT_BUNDLE_IDENTIFIER = "study.ios-weather-app-finalTests";
				PRODUCT_NAME = "$(TARGET_NAME)";
				SWIFT_EMIT_LOC_STRINGS = NO;
				SWIFT_VERSION = 5.0;
				TARGETED_DEVICE_FAMILY = "1,2";
				TEST_HOST = "$(BUILT_PRODUCTS_DIR)/ios-weather-app-final.app/$(BUNDLE_EXECUTABLE_FOLDER_PATH)/ios-weather-app-final";
			};
			name = Debug;
		};
		FD7C21B02C158520008D1CE3 /* Release */ = {
			isa = XCBuildConfiguration;
			buildSettings = {
				ALWAYS_EMBED_SWIFT_STANDARD_LIBRARIES = YES;
				BUNDLE_LOADER = "$(TEST_HOST)";
				CODE_SIGN_STYLE = Automatic;
				CURRENT_PROJECT_VERSION = 1;
				DEVELOPMENT_TEAM = XZ38BAT8FV;
				GENERATE_INFOPLIST_FILE = YES;
				IPHONEOS_DEPLOYMENT_TARGET = 17.5;
				MARKETING_VERSION = 1.0;
				PRODUCT_BUNDLE_IDENTIFIER = "study.ios-weather-app-finalTests";
				PRODUCT_NAME = "$(TARGET_NAME)";
				SWIFT_EMIT_LOC_STRINGS = NO;
				SWIFT_VERSION = 5.0;
				TARGETED_DEVICE_FAMILY = "1,2";
				TEST_HOST = "$(BUILT_PRODUCTS_DIR)/ios-weather-app-final.app/$(BUNDLE_EXECUTABLE_FOLDER_PATH)/ios-weather-app-final";
			};
			name = Release;
		};
		FD7C21B22C158520008D1CE3 /* Debug */ = {
			isa = XCBuildConfiguration;
			buildSettings = {
				ALWAYS_EMBED_SWIFT_STANDARD_LIBRARIES = YES;
				CODE_SIGN_STYLE = Automatic;
				CURRENT_PROJECT_VERSION = 1;
				DEVELOPMENT_TEAM = XZ38BAT8FV;
				GENERATE_INFOPLIST_FILE = YES;
				MARKETING_VERSION = 1.0;
				PRODUCT_BUNDLE_IDENTIFIER = "study.ios-weather-app-finalUITests";
				PRODUCT_NAME = "$(TARGET_NAME)";
				SWIFT_EMIT_LOC_STRINGS = NO;
				SWIFT_VERSION = 5.0;
				TARGETED_DEVICE_FAMILY = "1,2";
				TEST_TARGET_NAME = "ios-weather-app-final";
			};
			name = Debug;
		};
		FD7C21B32C158520008D1CE3 /* Release */ = {
			isa = XCBuildConfiguration;
			buildSettings = {
				ALWAYS_EMBED_SWIFT_STANDARD_LIBRARIES = YES;
				CODE_SIGN_STYLE = Automatic;
				CURRENT_PROJECT_VERSION = 1;
				DEVELOPMENT_TEAM = XZ38BAT8FV;
				GENERATE_INFOPLIST_FILE = YES;
				MARKETING_VERSION = 1.0;
				PRODUCT_BUNDLE_IDENTIFIER = "study.ios-weather-app-finalUITests";
				PRODUCT_NAME = "$(TARGET_NAME)";
				SWIFT_EMIT_LOC_STRINGS = NO;
				SWIFT_VERSION = 5.0;
				TARGETED_DEVICE_FAMILY = "1,2";
				TEST_TARGET_NAME = "ios-weather-app-final";
			};
			name = Release;
		};
/* End XCBuildConfiguration section */

/* Begin XCConfigurationList section */
		FD7C217D2C15851E008D1CE3 /* Build configuration list for PBXProject "ios-weather-app-final" */ = {
			isa = XCConfigurationList;
			buildConfigurations = (
				FD7C21A92C158520008D1CE3 /* Debug */,
				FD7C21AA2C158520008D1CE3 /* Release */,
			);
			defaultConfigurationIsVisible = 0;
			defaultConfigurationName = Release;
		};
		FD7C21AB2C158520008D1CE3 /* Build configuration list for PBXNativeTarget "ios-weather-app-final" */ = {
			isa = XCConfigurationList;
			buildConfigurations = (
				FD7C21AC2C158520008D1CE3 /* Debug */,
				FD7C21AD2C158520008D1CE3 /* Release */,
			);
			defaultConfigurationIsVisible = 0;
			defaultConfigurationName = Release;
		};
		FD7C21AE2C158520008D1CE3 /* Build configuration list for PBXNativeTarget "ios-weather-app-finalTests" */ = {
			isa = XCConfigurationList;
			buildConfigurations = (
				FD7C21AF2C158520008D1CE3 /* Debug */,
				FD7C21B02C158520008D1CE3 /* Release */,
			);
			defaultConfigurationIsVisible = 0;
			defaultConfigurationName = Release;
		};
		FD7C21B12C158520008D1CE3 /* Build configuration list for PBXNativeTarget "ios-weather-app-finalUITests" */ = {
			isa = XCConfigurationList;
			buildConfigurations = (
				FD7C21B22C158520008D1CE3 /* Debug */,
				FD7C21B32C158520008D1CE3 /* Release */,
			);
			defaultConfigurationIsVisible = 0;
			defaultConfigurationName = Release;
		};
/* End XCConfigurationList section */

/* Begin XCVersionGroup section */
		FD7C21902C158520008D1CE3 /* ios_weather_app_final.xcdatamodeld */ = {
			isa = XCVersionGroup;
			children = (
				FD7C21912C158520008D1CE3 /* ios_weather_app_final.xcdatamodel */,
			);
			currentVersion = FD7C21912C158520008D1CE3 /* ios_weather_app_final.xcdatamodel */;
			path = ios_weather_app_final.xcdatamodeld;
			sourceTree = "<group>";
			versionGroupType = wrapper.xcdatamodel;
		};
/* End XCVersionGroup section */
	};
	rootObject = FD7C217A2C15851E008D1CE3 /* Project object */;
}
